// !$*UTF8*$!
{
	archiveVersion = 1;
	classes = {
	};
	objectVersion = 54;
	objects = {

/* Begin PBXBuildFile section */
		00E356F31AD99517003FC87E /* susuplusTests.m in Sources */ = {isa = PBXBuildFile; fileRef = 00E356F21AD99517003FC87E /* susuplusTests.m */; };
		13B07FBC1A68108700A75B9A /* AppDelegate.m in Sources */ = {isa = PBXBuildFile; fileRef = 13B07FB01A68108700A75B9A /* AppDelegate.m */; };
		13B07FBF1A68108700A75B9A /* Images.xcassets in Resources */ = {isa = PBXBuildFile; fileRef = 13B07FB51A68108700A75B9A /* Images.xcassets */; };
		13B07FC11A68108700A75B9A /* main.m in Sources */ = {isa = PBXBuildFile; fileRef = 13B07FB71A68108700A75B9A /* main.m */; };
		81AB9BB82411601600AC10FF /* LaunchScreen.storyboard in Resources */ = {isa = PBXBuildFile; fileRef = 81AB9BB72411601600AC10FF /* LaunchScreen.storyboard */; };
		5DB1C0A479054D7AA478DC67 /* Inconsolata-Black.ttf in Resources */ = {isa = PBXBuildFile; fileRef = 564848EF69A04C8093A8E859 /* Inconsolata-Black.ttf */; };
		58409B858D8643F6856C39FF /* Inconsolata-Bold.ttf in Resources */ = {isa = PBXBuildFile; fileRef = 50EE8A781D6B4EDE83763AE4 /* Inconsolata-Bold.ttf */; };
		68B7E59DCEE7436AB4979C55 /* Inconsolata-ExtraBold.ttf in Resources */ = {isa = PBXBuildFile; fileRef = BF8878D1E2CB41A482141029 /* Inconsolata-ExtraBold.ttf */; };
		967FF2B75A724430AE1DCA84 /* Inconsolata-ExtraLight.ttf in Resources */ = {isa = PBXBuildFile; fileRef = 98713C193BC1423485A5D37B /* Inconsolata-ExtraLight.ttf */; };
		9C7BB5E56E224C7FB87F35B5 /* Inconsolata-Light.ttf in Resources */ = {isa = PBXBuildFile; fileRef = 14349921220A40CCB6DB2CBE /* Inconsolata-Light.ttf */; };
		C64AFB2F31BC46BDA11FD86F /* Inconsolata-Medium.ttf in Resources */ = {isa = PBXBuildFile; fileRef = 5527FEB37CF64DDF9E99B4CA /* Inconsolata-Medium.ttf */; };
		4300ACCCD9584D988033F0CD /* Inconsolata-Regular.ttf in Resources */ = {isa = PBXBuildFile; fileRef = 41FE83F4124043D99FBE7C44 /* Inconsolata-Regular.ttf */; };
		B8044FB5437E47AEB1DDD96D /* Inconsolata-SemiBold.ttf in Resources */ = {isa = PBXBuildFile; fileRef = 2F749A5E6D0445288AA14D2A /* Inconsolata-SemiBold.ttf */; };
		7DC4F250C60A4241B0BE4001 /* AntDesign.ttf in Resources */ = {isa = PBXBuildFile; fileRef = 5539C5551CEE407EAC11D07D /* AntDesign.ttf */; };
		5DD6CDD10EAB4CE99FDDB7CF /* Entypo.ttf in Resources */ = {isa = PBXBuildFile; fileRef = 72DE746C6EFB4BDAA1E17F92 /* Entypo.ttf */; };
		663BE8667DBD47268748B744 /* EvilIcons.ttf in Resources */ = {isa = PBXBuildFile; fileRef = 6DE696BCC1B14107A7A72127 /* EvilIcons.ttf */; };
		19EF86795FD142DEB3394473 /* Feather.ttf in Resources */ = {isa = PBXBuildFile; fileRef = 30C18C3C7FA0488E9EAD0DBF /* Feather.ttf */; };
		001AF3101B1648C980DE050B /* FontAwesome.ttf in Resources */ = {isa = PBXBuildFile; fileRef = 7845AF85FDF44E58A3E5AF1C /* FontAwesome.ttf */; };
		8F1AFD16D14F4686B366356F /* FontAwesome5_Brands.ttf in Resources */ = {isa = PBXBuildFile; fileRef = F6D2AFDC001446E891F3860F /* FontAwesome5_Brands.ttf */; };
		7EA2A444287547B8A22FA685 /* FontAwesome5_Regular.ttf in Resources */ = {isa = PBXBuildFile; fileRef = BBCD8F7777484BCBA2AAF8F5 /* FontAwesome5_Regular.ttf */; };
		7135280E14F747C89BD97B2F /* FontAwesome5_Solid.ttf in Resources */ = {isa = PBXBuildFile; fileRef = 0659C0DA07A44F18837A9774 /* FontAwesome5_Solid.ttf */; };
		BC7C81331FB54DFE9D146060 /* Fontisto.ttf in Resources */ = {isa = PBXBuildFile; fileRef = 15B3D7E8E62646EEB71953EE /* Fontisto.ttf */; };
		95D812612B334A5A8383B6B1 /* Foundation.ttf in Resources */ = {isa = PBXBuildFile; fileRef = 9179885602EB412A87B5807A /* Foundation.ttf */; };
		618F467C538F431DAD8BF19D /* Ionicons.ttf in Resources */ = {isa = PBXBuildFile; fileRef = 770C0AB9A77946778AF0E90C /* Ionicons.ttf */; };
		4D19DA054AF0425C95779768 /* MaterialCommunityIcons.ttf in Resources */ = {isa = PBXBuildFile; fileRef = CB33748B69E244ABAAE9A821 /* MaterialCommunityIcons.ttf */; };
		E1FAA949754B4C1FB8C57603 /* MaterialIcons.ttf in Resources */ = {isa = PBXBuildFile; fileRef = BE9259F6B5F44E408672039C /* MaterialIcons.ttf */; };
		2A3085D3C3B0468C9E975CD1 /* Octicons.ttf in Resources */ = {isa = PBXBuildFile; fileRef = 5094707E00274337B401D086 /* Octicons.ttf */; };
		FB9F7DE954004507BF012FFA /* SimpleLineIcons.ttf in Resources */ = {isa = PBXBuildFile; fileRef = B4DDA05FDB3A4927B203E869 /* SimpleLineIcons.ttf */; };
		B1E810E409154C5585881137 /* Zocial.ttf in Resources */ = {isa = PBXBuildFile; fileRef = EF3B237477CD4A0B93E6B7BC /* Zocial.ttf */; };
		95A85BE0DE2F45CA80E938E6 /* GoogleSans-Regular.ttf in Resources */ = {isa = PBXBuildFile; fileRef = D7DA914AF31A43F09D2C2291 /* GoogleSans-Regular.ttf */; };
		D48B8F3AF81E424C9840DC17 /* Inter.woff2 in Resources */ = {isa = PBXBuildFile; fileRef = 2BF7491E856D411C99F5CD4F /* Inter.woff2 */; };
		179D14C2B37440308612234F /* EuclidCircularABold.ttf in Resources */ = {isa = PBXBuildFile; fileRef = F16BBB0AAB924D2EB5128DED /* EuclidCircularABold.ttf */; };
		61637C557C2A4A308DD08511 /* EuclidCircularABoldItalic.ttf in Resources */ = {isa = PBXBuildFile; fileRef = 281BB3B81E56418B9032E15F /* EuclidCircularABoldItalic.ttf */; };
		1A3B5D9D22D54F4598098060 /* EuclidCircularAItalic.ttf in Resources */ = {isa = PBXBuildFile; fileRef = BC91A65FCC7846569316751B /* EuclidCircularAItalic.ttf */; };
		7C7451A76ECB4FD8A0FFF274 /* EuclidCircularALight.ttf in Resources */ = {isa = PBXBuildFile; fileRef = B4FBE9B7ED5446939070BFE1 /* EuclidCircularALight.ttf */; };
		ECD6A95175C444A7AC6D3608 /* EuclidCircularALightItalic.ttf in Resources */ = {isa = PBXBuildFile; fileRef = 873C69E7E86A4FCE8C8C3AD2 /* EuclidCircularALightItalic.ttf */; };
		DDB68D30F40046E7927DC5F4 /* EuclidCircularAMedium.ttf in Resources */ = {isa = PBXBuildFile; fileRef = 06DD38A8915B47E38D407662 /* EuclidCircularAMedium.ttf */; };
		D496CC0C8D924792904733A1 /* EuclidCircularAMediumItalic.ttf in Resources */ = {isa = PBXBuildFile; fileRef = C4DC0C455DE34E3FA7AF3F42 /* EuclidCircularAMediumItalic.ttf */; };
		C5585D3B8C7E47DC99979238 /* EuclidCircularARegular.ttf in Resources */ = {isa = PBXBuildFile; fileRef = 88B0F6EC1123408E9E240C3D /* EuclidCircularARegular.ttf */; };
		C0574654C26F47D3A307EB73 /* EuclidCircularASemiBold.ttf in Resources */ = {isa = PBXBuildFile; fileRef = 1C05D83749DB43D9A5A2CB8B /* EuclidCircularASemiBold.ttf */; };
		000B875367204C5B8CED2369 /* EuclidCircularASemiBoldItalic.ttf in Resources */ = {isa = PBXBuildFile; fileRef = B1150F1FA71E48618D7D9749 /* EuclidCircularASemiBoldItalic.ttf */; };
		E820B280677B4303B73B54AD /* Inter-Black.woff in Resources */ = {isa = PBXBuildFile; fileRef = 1EDF4EC50D6D4F2A930807AE /* Inter-Black.woff */; };
		800F8F4B5D6C43118411F7CF /* ProductSans-Black.ttf in Resources */ = {isa = PBXBuildFile; fileRef = D294EAE4FF774BE7B60FCCC0 /* ProductSans-Black.ttf */; };
		B74A8B7074D84D859A4DCDCB /* ProductSans-BlackItalic.ttf in Resources */ = {isa = PBXBuildFile; fileRef = 60EE2EBE598947A48CBCD079 /* ProductSans-BlackItalic.ttf */; };
		3A992F7EAF524771AA1D163A /* ProductSans-Bold.ttf in Resources */ = {isa = PBXBuildFile; fileRef = 9F22832073C04E509A0CEBF2 /* ProductSans-Bold.ttf */; };
		F2C5577693B64FD3BFB6EA68 /* ProductSans-BoldItalic.ttf in Resources */ = {isa = PBXBuildFile; fileRef = F9603917C4554A29ADC2900F /* ProductSans-BoldItalic.ttf */; };
		BD83DF1074084C81B45BFD81 /* ProductSans-Italic.ttf in Resources */ = {isa = PBXBuildFile; fileRef = 7BD926C06AEE46BE961DA04F /* ProductSans-Italic.ttf */; };
		D3AB02B31E274833A9624436 /* ProductSans-Light.ttf in Resources */ = {isa = PBXBuildFile; fileRef = BB2B199D48F14A009DA4A764 /* ProductSans-Light.ttf */; };
		7838CCCB9F0B4460BDADE6A3 /* ProductSans-LightItalic.ttf in Resources */ = {isa = PBXBuildFile; fileRef = 5C6B5CAC88AD4EAFB7C8EB42 /* ProductSans-LightItalic.ttf */; };
		8AD707E88D9F43409819E83B /* ProductSans-Medium.ttf in Resources */ = {isa = PBXBuildFile; fileRef = 91A6708420D247BCB1C0F82D /* ProductSans-Medium.ttf */; };
		4F6D02074CA240759DA40DC2 /* ProductSans-MediumItalic.ttf in Resources */ = {isa = PBXBuildFile; fileRef = 9CA080658F774660B2495498 /* ProductSans-MediumItalic.ttf */; };
		9BB17B4B0E894440B7B8B0FF /* ProductSans-Regular.ttf in Resources */ = {isa = PBXBuildFile; fileRef = 9CEA8C504F2D4ED2A6B9B3FF /* ProductSans-Regular.ttf */; };
		170D26104B624D75B41D2DE6 /* ProductSans-Thin.ttf in Resources */ = {isa = PBXBuildFile; fileRef = 5284F7DBBCD84D45A23DCB28 /* ProductSans-Thin.ttf */; };
		E3BD273EEA234CD99D9B8B32 /* ProductSans-ThinItalic.ttf in Resources */ = {isa = PBXBuildFile; fileRef = F3211C6EC1ED415194ADF6F8 /* ProductSans-ThinItalic.ttf */; };
/* End PBXBuildFile section */

/* Begin PBXContainerItemProxy section */
		00E356F41AD99517003FC87E /* PBXContainerItemProxy */ = {
			isa = PBXContainerItemProxy;
			containerPortal = 83CBB9F71A601CBA00E9B192 /* Project object */;
			proxyType = 1;
			remoteGlobalIDString = 13B07F861A680F5B00A75B9A;
			remoteInfo = susuplus;
		};
/* End PBXContainerItemProxy section */

/* Begin PBXFileReference section */
		00E356EE1AD99517003FC87E /* susuplusTests.xctest */ = {isa = PBXFileReference; explicitFileType = wrapper.cfbundle; includeInIndex = 0; path = susuplusTests.xctest; sourceTree = BUILT_PRODUCTS_DIR; };
		00E356F11AD99517003FC87E /* Info.plist */ = {isa = PBXFileReference; lastKnownFileType = text.plist.xml; path = Info.plist; sourceTree = "<group>"; };
		00E356F21AD99517003FC87E /* susuplusTests.m */ = {isa = PBXFileReference; lastKnownFileType = sourcecode.c.objc; path = susuplusTests.m; sourceTree = "<group>"; };
		13B07F961A680F5B00A75B9A /* susuplus.app */ = {isa = PBXFileReference; explicitFileType = wrapper.application; includeInIndex = 0; path = susuplus.app; sourceTree = BUILT_PRODUCTS_DIR; };
		13B07FAF1A68108700A75B9A /* AppDelegate.h */ = {isa = PBXFileReference; fileEncoding = 4; lastKnownFileType = sourcecode.c.h; name = AppDelegate.h; path = susuplus/AppDelegate.h; sourceTree = "<group>"; };
		13B07FB01A68108700A75B9A /* AppDelegate.m */ = {isa = PBXFileReference; fileEncoding = 4; lastKnownFileType = sourcecode.c.objc; name = AppDelegate.m; path = susuplus/AppDelegate.m; sourceTree = "<group>"; };
		13B07FB51A68108700A75B9A /* Images.xcassets */ = {isa = PBXFileReference; lastKnownFileType = folder.assetcatalog; name = Images.xcassets; path = susuplus/Images.xcassets; sourceTree = "<group>"; };
		13B07FB61A68108700A75B9A /* Info.plist */ = {isa = PBXFileReference; fileEncoding = 4; lastKnownFileType = text.plist.xml; name = Info.plist; path = susuplus/Info.plist; sourceTree = "<group>"; };
		13B07FB71A68108700A75B9A /* main.m */ = {isa = PBXFileReference; fileEncoding = 4; lastKnownFileType = sourcecode.c.objc; name = main.m; path = susuplus/main.m; sourceTree = "<group>"; };
		81AB9BB72411601600AC10FF /* LaunchScreen.storyboard */ = {isa = PBXFileReference; fileEncoding = 4; lastKnownFileType = file.storyboard; name = LaunchScreen.storyboard; path = susuplus/LaunchScreen.storyboard; sourceTree = "<group>"; };
		ED297162215061F000B7C4FE /* JavaScriptCore.framework */ = {isa = PBXFileReference; lastKnownFileType = wrapper.framework; name = JavaScriptCore.framework; path = System/Library/Frameworks/JavaScriptCore.framework; sourceTree = SDKROOT; };
		564848EF69A04C8093A8E859 /* Inconsolata-Black.ttf */ = {isa = PBXFileReference; name = "Inconsolata-Black.ttf"; path = "../src/assets/fonts/Inconsolata-Black.ttf"; sourceTree = "<group>"; fileEncoding = undefined; lastKnownFileType = unknown; explicitFileType = undefined; includeInIndex = 0; };
		50EE8A781D6B4EDE83763AE4 /* Inconsolata-Bold.ttf */ = {isa = PBXFileReference; name = "Inconsolata-Bold.ttf"; path = "../src/assets/fonts/Inconsolata-Bold.ttf"; sourceTree = "<group>"; fileEncoding = undefined; lastKnownFileType = unknown; explicitFileType = undefined; includeInIndex = 0; };
		BF8878D1E2CB41A482141029 /* Inconsolata-ExtraBold.ttf */ = {isa = PBXFileReference; name = "Inconsolata-ExtraBold.ttf"; path = "../src/assets/fonts/Inconsolata-ExtraBold.ttf"; sourceTree = "<group>"; fileEncoding = undefined; lastKnownFileType = unknown; explicitFileType = undefined; includeInIndex = 0; };
		98713C193BC1423485A5D37B /* Inconsolata-ExtraLight.ttf */ = {isa = PBXFileReference; name = "Inconsolata-ExtraLight.ttf"; path = "../src/assets/fonts/Inconsolata-ExtraLight.ttf"; sourceTree = "<group>"; fileEncoding = undefined; lastKnownFileType = unknown; explicitFileType = undefined; includeInIndex = 0; };
		14349921220A40CCB6DB2CBE /* Inconsolata-Light.ttf */ = {isa = PBXFileReference; name = "Inconsolata-Light.ttf"; path = "../src/assets/fonts/Inconsolata-Light.ttf"; sourceTree = "<group>"; fileEncoding = undefined; lastKnownFileType = unknown; explicitFileType = undefined; includeInIndex = 0; };
		5527FEB37CF64DDF9E99B4CA /* Inconsolata-Medium.ttf */ = {isa = PBXFileReference; name = "Inconsolata-Medium.ttf"; path = "../src/assets/fonts/Inconsolata-Medium.ttf"; sourceTree = "<group>"; fileEncoding = undefined; lastKnownFileType = unknown; explicitFileType = undefined; includeInIndex = 0; };
		41FE83F4124043D99FBE7C44 /* Inconsolata-Regular.ttf */ = {isa = PBXFileReference; name = "Inconsolata-Regular.ttf"; path = "../src/assets/fonts/Inconsolata-Regular.ttf"; sourceTree = "<group>"; fileEncoding = undefined; lastKnownFileType = unknown; explicitFileType = undefined; includeInIndex = 0; };
		2F749A5E6D0445288AA14D2A /* Inconsolata-SemiBold.ttf */ = {isa = PBXFileReference; name = "Inconsolata-SemiBold.ttf"; path = "../src/assets/fonts/Inconsolata-SemiBold.ttf"; sourceTree = "<group>"; fileEncoding = undefined; lastKnownFileType = unknown; explicitFileType = undefined; includeInIndex = 0; };
		5539C5551CEE407EAC11D07D /* AntDesign.ttf */ = {isa = PBXFileReference; name = "AntDesign.ttf"; path = "../node_modules/react-native-vector-icons/Fonts/AntDesign.ttf"; sourceTree = "<group>"; fileEncoding = undefined; lastKnownFileType = unknown; explicitFileType = undefined; includeInIndex = 0; };
		72DE746C6EFB4BDAA1E17F92 /* Entypo.ttf */ = {isa = PBXFileReference; name = "Entypo.ttf"; path = "../node_modules/react-native-vector-icons/Fonts/Entypo.ttf"; sourceTree = "<group>"; fileEncoding = undefined; lastKnownFileType = unknown; explicitFileType = undefined; includeInIndex = 0; };
		6DE696BCC1B14107A7A72127 /* EvilIcons.ttf */ = {isa = PBXFileReference; name = "EvilIcons.ttf"; path = "../node_modules/react-native-vector-icons/Fonts/EvilIcons.ttf"; sourceTree = "<group>"; fileEncoding = undefined; lastKnownFileType = unknown; explicitFileType = undefined; includeInIndex = 0; };
		30C18C3C7FA0488E9EAD0DBF /* Feather.ttf */ = {isa = PBXFileReference; name = "Feather.ttf"; path = "../node_modules/react-native-vector-icons/Fonts/Feather.ttf"; sourceTree = "<group>"; fileEncoding = undefined; lastKnownFileType = unknown; explicitFileType = undefined; includeInIndex = 0; };
		7845AF85FDF44E58A3E5AF1C /* FontAwesome.ttf */ = {isa = PBXFileReference; name = "FontAwesome.ttf"; path = "../node_modules/react-native-vector-icons/Fonts/FontAwesome.ttf"; sourceTree = "<group>"; fileEncoding = undefined; lastKnownFileType = unknown; explicitFileType = undefined; includeInIndex = 0; };
		F6D2AFDC001446E891F3860F /* FontAwesome5_Brands.ttf */ = {isa = PBXFileReference; name = "FontAwesome5_Brands.ttf"; path = "../node_modules/react-native-vector-icons/Fonts/FontAwesome5_Brands.ttf"; sourceTree = "<group>"; fileEncoding = undefined; lastKnownFileType = unknown; explicitFileType = undefined; includeInIndex = 0; };
		BBCD8F7777484BCBA2AAF8F5 /* FontAwesome5_Regular.ttf */ = {isa = PBXFileReference; name = "FontAwesome5_Regular.ttf"; path = "../node_modules/react-native-vector-icons/Fonts/FontAwesome5_Regular.ttf"; sourceTree = "<group>"; fileEncoding = undefined; lastKnownFileType = unknown; explicitFileType = undefined; includeInIndex = 0; };
		0659C0DA07A44F18837A9774 /* FontAwesome5_Solid.ttf */ = {isa = PBXFileReference; name = "FontAwesome5_Solid.ttf"; path = "../node_modules/react-native-vector-icons/Fonts/FontAwesome5_Solid.ttf"; sourceTree = "<group>"; fileEncoding = undefined; lastKnownFileType = unknown; explicitFileType = undefined; includeInIndex = 0; };
		15B3D7E8E62646EEB71953EE /* Fontisto.ttf */ = {isa = PBXFileReference; name = "Fontisto.ttf"; path = "../node_modules/react-native-vector-icons/Fonts/Fontisto.ttf"; sourceTree = "<group>"; fileEncoding = undefined; lastKnownFileType = unknown; explicitFileType = undefined; includeInIndex = 0; };
		9179885602EB412A87B5807A /* Foundation.ttf */ = {isa = PBXFileReference; name = "Foundation.ttf"; path = "../node_modules/react-native-vector-icons/Fonts/Foundation.ttf"; sourceTree = "<group>"; fileEncoding = undefined; lastKnownFileType = unknown; explicitFileType = undefined; includeInIndex = 0; };
		770C0AB9A77946778AF0E90C /* Ionicons.ttf */ = {isa = PBXFileReference; name = "Ionicons.ttf"; path = "../node_modules/react-native-vector-icons/Fonts/Ionicons.ttf"; sourceTree = "<group>"; fileEncoding = undefined; lastKnownFileType = unknown; explicitFileType = undefined; includeInIndex = 0; };
		CB33748B69E244ABAAE9A821 /* MaterialCommunityIcons.ttf */ = {isa = PBXFileReference; name = "MaterialCommunityIcons.ttf"; path = "../node_modules/react-native-vector-icons/Fonts/MaterialCommunityIcons.ttf"; sourceTree = "<group>"; fileEncoding = undefined; lastKnownFileType = unknown; explicitFileType = undefined; includeInIndex = 0; };
		BE9259F6B5F44E408672039C /* MaterialIcons.ttf */ = {isa = PBXFileReference; name = "MaterialIcons.ttf"; path = "../node_modules/react-native-vector-icons/Fonts/MaterialIcons.ttf"; sourceTree = "<group>"; fileEncoding = undefined; lastKnownFileType = unknown; explicitFileType = undefined; includeInIndex = 0; };
		5094707E00274337B401D086 /* Octicons.ttf */ = {isa = PBXFileReference; name = "Octicons.ttf"; path = "../node_modules/react-native-vector-icons/Fonts/Octicons.ttf"; sourceTree = "<group>"; fileEncoding = undefined; lastKnownFileType = unknown; explicitFileType = undefined; includeInIndex = 0; };
		B4DDA05FDB3A4927B203E869 /* SimpleLineIcons.ttf */ = {isa = PBXFileReference; name = "SimpleLineIcons.ttf"; path = "../node_modules/react-native-vector-icons/Fonts/SimpleLineIcons.ttf"; sourceTree = "<group>"; fileEncoding = undefined; lastKnownFileType = unknown; explicitFileType = undefined; includeInIndex = 0; };
		EF3B237477CD4A0B93E6B7BC /* Zocial.ttf */ = {isa = PBXFileReference; name = "Zocial.ttf"; path = "../node_modules/react-native-vector-icons/Fonts/Zocial.ttf"; sourceTree = "<group>"; fileEncoding = undefined; lastKnownFileType = unknown; explicitFileType = undefined; includeInIndex = 0; };
		D7DA914AF31A43F09D2C2291 /* GoogleSans-Regular.ttf */ = {isa = PBXFileReference; name = "GoogleSans-Regular.ttf"; path = "../src/assets/fonts/GoogleSans-Regular.ttf"; sourceTree = "<group>"; fileEncoding = undefined; lastKnownFileType = unknown; explicitFileType = undefined; includeInIndex = 0; };
		2BF7491E856D411C99F5CD4F /* Inter.woff2 */ = {isa = PBXFileReference; name = "Inter.woff2"; path = "../src/assets/fonts/Inter.woff2"; sourceTree = "<group>"; fileEncoding = undefined; lastKnownFileType = unknown; explicitFileType = undefined; includeInIndex = 0; };
		F16BBB0AAB924D2EB5128DED /* EuclidCircularABold.ttf */ = {isa = PBXFileReference; name = "EuclidCircularABold.ttf"; path = "../src/assets/fonts/EuclidCircularABold.ttf"; sourceTree = "<group>"; fileEncoding = undefined; lastKnownFileType = unknown; explicitFileType = undefined; includeInIndex = 0; };
		281BB3B81E56418B9032E15F /* EuclidCircularABoldItalic.ttf */ = {isa = PBXFileReference; name = "EuclidCircularABoldItalic.ttf"; path = "../src/assets/fonts/EuclidCircularABoldItalic.ttf"; sourceTree = "<group>"; fileEncoding = undefined; lastKnownFileType = unknown; explicitFileType = undefined; includeInIndex = 0; };
		BC91A65FCC7846569316751B /* EuclidCircularAItalic.ttf */ = {isa = PBXFileReference; name = "EuclidCircularAItalic.ttf"; path = "../src/assets/fonts/EuclidCircularAItalic.ttf"; sourceTree = "<group>"; fileEncoding = undefined; lastKnownFileType = unknown; explicitFileType = undefined; includeInIndex = 0; };
		B4FBE9B7ED5446939070BFE1 /* EuclidCircularALight.ttf */ = {isa = PBXFileReference; name = "EuclidCircularALight.ttf"; path = "../src/assets/fonts/EuclidCircularALight.ttf"; sourceTree = "<group>"; fileEncoding = undefined; lastKnownFileType = unknown; explicitFileType = undefined; includeInIndex = 0; };
		873C69E7E86A4FCE8C8C3AD2 /* EuclidCircularALightItalic.ttf */ = {isa = PBXFileReference; name = "EuclidCircularALightItalic.ttf"; path = "../src/assets/fonts/EuclidCircularALightItalic.ttf"; sourceTree = "<group>"; fileEncoding = undefined; lastKnownFileType = unknown; explicitFileType = undefined; includeInIndex = 0; };
		06DD38A8915B47E38D407662 /* EuclidCircularAMedium.ttf */ = {isa = PBXFileReference; name = "EuclidCircularAMedium.ttf"; path = "../src/assets/fonts/EuclidCircularAMedium.ttf"; sourceTree = "<group>"; fileEncoding = undefined; lastKnownFileType = unknown; explicitFileType = undefined; includeInIndex = 0; };
		C4DC0C455DE34E3FA7AF3F42 /* EuclidCircularAMediumItalic.ttf */ = {isa = PBXFileReference; name = "EuclidCircularAMediumItalic.ttf"; path = "../src/assets/fonts/EuclidCircularAMediumItalic.ttf"; sourceTree = "<group>"; fileEncoding = undefined; lastKnownFileType = unknown; explicitFileType = undefined; includeInIndex = 0; };
		88B0F6EC1123408E9E240C3D /* EuclidCircularARegular.ttf */ = {isa = PBXFileReference; name = "EuclidCircularARegular.ttf"; path = "../src/assets/fonts/EuclidCircularARegular.ttf"; sourceTree = "<group>"; fileEncoding = undefined; lastKnownFileType = unknown; explicitFileType = undefined; includeInIndex = 0; };
		1C05D83749DB43D9A5A2CB8B /* EuclidCircularASemiBold.ttf */ = {isa = PBXFileReference; name = "EuclidCircularASemiBold.ttf"; path = "../src/assets/fonts/EuclidCircularASemiBold.ttf"; sourceTree = "<group>"; fileEncoding = undefined; lastKnownFileType = unknown; explicitFileType = undefined; includeInIndex = 0; };
		B1150F1FA71E48618D7D9749 /* EuclidCircularASemiBoldItalic.ttf */ = {isa = PBXFileReference; name = "EuclidCircularASemiBoldItalic.ttf"; path = "../src/assets/fonts/EuclidCircularASemiBoldItalic.ttf"; sourceTree = "<group>"; fileEncoding = undefined; lastKnownFileType = unknown; explicitFileType = undefined; includeInIndex = 0; };
		1EDF4EC50D6D4F2A930807AE /* Inter-Black.woff */ = {isa = PBXFileReference; name = "Inter-Black.woff"; path = "../src/assets/fonts/Inter-Black.woff"; sourceTree = "<group>"; fileEncoding = undefined; lastKnownFileType = unknown; explicitFileType = undefined; includeInIndex = 0; };
		D294EAE4FF774BE7B60FCCC0 /* ProductSans-Black.ttf */ = {isa = PBXFileReference; name = "ProductSans-Black.ttf"; path = "../src/assets/fonts/ProductSans-Black.ttf"; sourceTree = "<group>"; fileEncoding = undefined; lastKnownFileType = unknown; explicitFileType = undefined; includeInIndex = 0; };
		60EE2EBE598947A48CBCD079 /* ProductSans-BlackItalic.ttf */ = {isa = PBXFileReference; name = "ProductSans-BlackItalic.ttf"; path = "../src/assets/fonts/ProductSans-BlackItalic.ttf"; sourceTree = "<group>"; fileEncoding = undefined; lastKnownFileType = unknown; explicitFileType = undefined; includeInIndex = 0; };
		9F22832073C04E509A0CEBF2 /* ProductSans-Bold.ttf */ = {isa = PBXFileReference; name = "ProductSans-Bold.ttf"; path = "../src/assets/fonts/ProductSans-Bold.ttf"; sourceTree = "<group>"; fileEncoding = undefined; lastKnownFileType = unknown; explicitFileType = undefined; includeInIndex = 0; };
		F9603917C4554A29ADC2900F /* ProductSans-BoldItalic.ttf */ = {isa = PBXFileReference; name = "ProductSans-BoldItalic.ttf"; path = "../src/assets/fonts/ProductSans-BoldItalic.ttf"; sourceTree = "<group>"; fileEncoding = undefined; lastKnownFileType = unknown; explicitFileType = undefined; includeInIndex = 0; };
		7BD926C06AEE46BE961DA04F /* ProductSans-Italic.ttf */ = {isa = PBXFileReference; name = "ProductSans-Italic.ttf"; path = "../src/assets/fonts/ProductSans-Italic.ttf"; sourceTree = "<group>"; fileEncoding = undefined; lastKnownFileType = unknown; explicitFileType = undefined; includeInIndex = 0; };
		BB2B199D48F14A009DA4A764 /* ProductSans-Light.ttf */ = {isa = PBXFileReference; name = "ProductSans-Light.ttf"; path = "../src/assets/fonts/ProductSans-Light.ttf"; sourceTree = "<group>"; fileEncoding = undefined; lastKnownFileType = unknown; explicitFileType = undefined; includeInIndex = 0; };
		5C6B5CAC88AD4EAFB7C8EB42 /* ProductSans-LightItalic.ttf */ = {isa = PBXFileReference; name = "ProductSans-LightItalic.ttf"; path = "../src/assets/fonts/ProductSans-LightItalic.ttf"; sourceTree = "<group>"; fileEncoding = undefined; lastKnownFileType = unknown; explicitFileType = undefined; includeInIndex = 0; };
		91A6708420D247BCB1C0F82D /* ProductSans-Medium.ttf */ = {isa = PBXFileReference; name = "ProductSans-Medium.ttf"; path = "../src/assets/fonts/ProductSans-Medium.ttf"; sourceTree = "<group>"; fileEncoding = undefined; lastKnownFileType = unknown; explicitFileType = undefined; includeInIndex = 0; };
		9CA080658F774660B2495498 /* ProductSans-MediumItalic.ttf */ = {isa = PBXFileReference; name = "ProductSans-MediumItalic.ttf"; path = "../src/assets/fonts/ProductSans-MediumItalic.ttf"; sourceTree = "<group>"; fileEncoding = undefined; lastKnownFileType = unknown; explicitFileType = undefined; includeInIndex = 0; };
		9CEA8C504F2D4ED2A6B9B3FF /* ProductSans-Regular.ttf */ = {isa = PBXFileReference; name = "ProductSans-Regular.ttf"; path = "../src/assets/fonts/ProductSans-Regular.ttf"; sourceTree = "<group>"; fileEncoding = undefined; lastKnownFileType = unknown; explicitFileType = undefined; includeInIndex = 0; };
		5284F7DBBCD84D45A23DCB28 /* ProductSans-Thin.ttf */ = {isa = PBXFileReference; name = "ProductSans-Thin.ttf"; path = "../src/assets/fonts/ProductSans-Thin.ttf"; sourceTree = "<group>"; fileEncoding = undefined; lastKnownFileType = unknown; explicitFileType = undefined; includeInIndex = 0; };
		F3211C6EC1ED415194ADF6F8 /* ProductSans-ThinItalic.ttf */ = {isa = PBXFileReference; name = "ProductSans-ThinItalic.ttf"; path = "../src/assets/fonts/ProductSans-ThinItalic.ttf"; sourceTree = "<group>"; fileEncoding = undefined; lastKnownFileType = unknown; explicitFileType = undefined; includeInIndex = 0; };
/* End PBXFileReference section */

/* Begin PBXFrameworksBuildPhase section */
		00E356EB1AD99517003FC87E /* Frameworks */ = {
			isa = PBXFrameworksBuildPhase;
			buildActionMask = 2147483647;
			files = (
			);
			runOnlyForDeploymentPostprocessing = 0;
		};
		13B07F8C1A680F5B00A75B9A /* Frameworks */ = {
			isa = PBXFrameworksBuildPhase;
			buildActionMask = 2147483647;
			files = (
			);
			runOnlyForDeploymentPostprocessing = 0;
		};
/* End PBXFrameworksBuildPhase section */

/* Begin PBXGroup section */
		00E356EF1AD99517003FC87E /* susuplusTests */ = {
			isa = PBXGroup;
			children = (
				00E356F21AD99517003FC87E /* susuplusTests.m */,
				00E356F01AD99517003FC87E /* Supporting Files */,
			);
			path = susuplusTests;
			sourceTree = "<group>";
		};
		00E356F01AD99517003FC87E /* Supporting Files */ = {
			isa = PBXGroup;
			children = (
				00E356F11AD99517003FC87E /* Info.plist */,
			);
			name = "Supporting Files";
			sourceTree = "<group>";
		};
		13B07FAE1A68108700A75B9A /* susuplus */ = {
			isa = PBXGroup;
			children = (
				13B07FAF1A68108700A75B9A /* AppDelegate.h */,
				13B07FB01A68108700A75B9A /* AppDelegate.m */,
				13B07FB51A68108700A75B9A /* Images.xcassets */,
				13B07FB61A68108700A75B9A /* Info.plist */,
				81AB9BB72411601600AC10FF /* LaunchScreen.storyboard */,
				13B07FB71A68108700A75B9A /* main.m */,
			);
			name = susuplus;
			sourceTree = "<group>";
		};
		2D16E6871FA4F8E400B85C8A /* Frameworks */ = {
			isa = PBXGroup;
			children = (
				ED297162215061F000B7C4FE /* JavaScriptCore.framework */,
			);
			name = Frameworks;
			sourceTree = "<group>";
		};
		832341AE1AAA6A7D00B99B32 /* Libraries */ = {
			isa = PBXGroup;
			children = (
			);
			name = Libraries;
			sourceTree = "<group>";
		};
		83CBB9F61A601CBA00E9B192 = {
			isa = PBXGroup;
			children = (
				13B07FAE1A68108700A75B9A /* susuplus */,
				832341AE1AAA6A7D00B99B32 /* Libraries */,
				00E356EF1AD99517003FC87E /* susuplusTests */,
				83CBBA001A601CBA00E9B192 /* Products */,
				2D16E6871FA4F8E400B85C8A /* Frameworks */,
				2765177F89234983BCB3FAB3 /* Resources */,
			);
			indentWidth = 2;
			sourceTree = "<group>";
			tabWidth = 2;
			usesTabs = 0;
		};
		83CBBA001A601CBA00E9B192 /* Products */ = {
			isa = PBXGroup;
			children = (
				13B07F961A680F5B00A75B9A /* susuplus.app */,
				00E356EE1AD99517003FC87E /* susuplusTests.xctest */,
			);
			name = Products;
			sourceTree = "<group>";
		};
		2765177F89234983BCB3FAB3 /* Resources */ = {
			isa = "PBXGroup";
			children = (
				564848EF69A04C8093A8E859 /* Inconsolata-Black.ttf */,
				50EE8A781D6B4EDE83763AE4 /* Inconsolata-Bold.ttf */,
				BF8878D1E2CB41A482141029 /* Inconsolata-ExtraBold.ttf */,
				98713C193BC1423485A5D37B /* Inconsolata-ExtraLight.ttf */,
				14349921220A40CCB6DB2CBE /* Inconsolata-Light.ttf */,
				5527FEB37CF64DDF9E99B4CA /* Inconsolata-Medium.ttf */,
				41FE83F4124043D99FBE7C44 /* Inconsolata-Regular.ttf */,
				2F749A5E6D0445288AA14D2A /* Inconsolata-SemiBold.ttf */,
				5539C5551CEE407EAC11D07D /* AntDesign.ttf */,
				72DE746C6EFB4BDAA1E17F92 /* Entypo.ttf */,
				6DE696BCC1B14107A7A72127 /* EvilIcons.ttf */,
				30C18C3C7FA0488E9EAD0DBF /* Feather.ttf */,
				7845AF85FDF44E58A3E5AF1C /* FontAwesome.ttf */,
				F6D2AFDC001446E891F3860F /* FontAwesome5_Brands.ttf */,
				BBCD8F7777484BCBA2AAF8F5 /* FontAwesome5_Regular.ttf */,
				0659C0DA07A44F18837A9774 /* FontAwesome5_Solid.ttf */,
				15B3D7E8E62646EEB71953EE /* Fontisto.ttf */,
				9179885602EB412A87B5807A /* Foundation.ttf */,
				770C0AB9A77946778AF0E90C /* Ionicons.ttf */,
				CB33748B69E244ABAAE9A821 /* MaterialCommunityIcons.ttf */,
				BE9259F6B5F44E408672039C /* MaterialIcons.ttf */,
				5094707E00274337B401D086 /* Octicons.ttf */,
				B4DDA05FDB3A4927B203E869 /* SimpleLineIcons.ttf */,
				EF3B237477CD4A0B93E6B7BC /* Zocial.ttf */,
				D7DA914AF31A43F09D2C2291 /* GoogleSans-Regular.ttf */,
				2BF7491E856D411C99F5CD4F /* Inter.woff2 */,
				F16BBB0AAB924D2EB5128DED /* EuclidCircularABold.ttf */,
				281BB3B81E56418B9032E15F /* EuclidCircularABoldItalic.ttf */,
				BC91A65FCC7846569316751B /* EuclidCircularAItalic.ttf */,
				B4FBE9B7ED5446939070BFE1 /* EuclidCircularALight.ttf */,
				873C69E7E86A4FCE8C8C3AD2 /* EuclidCircularALightItalic.ttf */,
				06DD38A8915B47E38D407662 /* EuclidCircularAMedium.ttf */,
				C4DC0C455DE34E3FA7AF3F42 /* EuclidCircularAMediumItalic.ttf */,
				88B0F6EC1123408E9E240C3D /* EuclidCircularARegular.ttf */,
				1C05D83749DB43D9A5A2CB8B /* EuclidCircularASemiBold.ttf */,
				B1150F1FA71E48618D7D9749 /* EuclidCircularASemiBoldItalic.ttf */,
				1EDF4EC50D6D4F2A930807AE /* Inter-Black.woff */,
				D294EAE4FF774BE7B60FCCC0 /* ProductSans-Black.ttf */,
				60EE2EBE598947A48CBCD079 /* ProductSans-BlackItalic.ttf */,
				9F22832073C04E509A0CEBF2 /* ProductSans-Bold.ttf */,
				F9603917C4554A29ADC2900F /* ProductSans-BoldItalic.ttf */,
				7BD926C06AEE46BE961DA04F /* ProductSans-Italic.ttf */,
				BB2B199D48F14A009DA4A764 /* ProductSans-Light.ttf */,
				5C6B5CAC88AD4EAFB7C8EB42 /* ProductSans-LightItalic.ttf */,
				91A6708420D247BCB1C0F82D /* ProductSans-Medium.ttf */,
				9CA080658F774660B2495498 /* ProductSans-MediumItalic.ttf */,
				9CEA8C504F2D4ED2A6B9B3FF /* ProductSans-Regular.ttf */,
				5284F7DBBCD84D45A23DCB28 /* ProductSans-Thin.ttf */,
				F3211C6EC1ED415194ADF6F8 /* ProductSans-ThinItalic.ttf */,
			);
			name = Resources;
			sourceTree = "<group>";
			path = "";
		};
/* End PBXGroup section */

/* Begin PBXNativeTarget section */
		00E356ED1AD99517003FC87E /* susuplusTests */ = {
			isa = PBXNativeTarget;
			buildConfigurationList = 00E357021AD99517003FC87E /* Build configuration list for PBXNativeTarget "susuplusTests" */;
			buildPhases = (
				00E356EA1AD99517003FC87E /* Sources */,
				00E356EB1AD99517003FC87E /* Frameworks */,
				00E356EC1AD99517003FC87E /* Resources */,
			);
			buildRules = (
			);
			dependencies = (
				00E356F51AD99517003FC87E /* PBXTargetDependency */,
			);
			name = susuplusTests;
			productName = susuplusTests;
			productReference = 00E356EE1AD99517003FC87E /* susuplusTests.xctest */;
			productType = "com.apple.product-type.bundle.unit-test";
		};
		13B07F861A680F5B00A75B9A /* susuplus */ = {
			isa = PBXNativeTarget;
			buildConfigurationList = 13B07F931A680F5B00A75B9A /* Build configuration list for PBXNativeTarget "susuplus" */;
			buildPhases = (
				FD10A7F022414F080027D42C /* Start Packager */,
				13B07F871A680F5B00A75B9A /* Sources */,
				13B07F8C1A680F5B00A75B9A /* Frameworks */,
				13B07F8E1A680F5B00A75B9A /* Resources */,
				00DD1BFF1BD5951E006B06BC /* Bundle React Native code and images */,
			);
			buildRules = (
			);
			dependencies = (
			);
			name = susuplus;
			productName = susuplus;
			productReference = 13B07F961A680F5B00A75B9A /* susuplus.app */;
			productType = "com.apple.product-type.application";
		};
/* End PBXNativeTarget section */

/* Begin PBXProject section */
		83CBB9F71A601CBA00E9B192 /* Project object */ = {
			isa = PBXProject;
			attributes = {
				LastUpgradeCheck = 1210;
				TargetAttributes = {
					00E356ED1AD99517003FC87E = {
						CreatedOnToolsVersion = 6.2;
						TestTargetID = 13B07F861A680F5B00A75B9A;
					};
					13B07F861A680F5B00A75B9A = {
						LastSwiftMigration = 1120;
					};
				};
			};
			buildConfigurationList = 83CBB9FA1A601CBA00E9B192 /* Build configuration list for PBXProject "susuplus" */;
			compatibilityVersion = "Xcode 12.0";
			developmentRegion = en;
			hasScannedForEncodings = 0;
			knownRegions = (
				en,
				Base,
			);
			mainGroup = 83CBB9F61A601CBA00E9B192;
			productRefGroup = 83CBBA001A601CBA00E9B192 /* Products */;
			projectDirPath = "";
			projectRoot = "";
			targets = (
				13B07F861A680F5B00A75B9A /* susuplus */,
				00E356ED1AD99517003FC87E /* susuplusTests */,
			);
		};
/* End PBXProject section */

/* Begin PBXResourcesBuildPhase section */
		00E356EC1AD99517003FC87E /* Resources */ = {
			isa = PBXResourcesBuildPhase;
			buildActionMask = 2147483647;
			files = (
			);
			runOnlyForDeploymentPostprocessing = 0;
		};
		13B07F8E1A680F5B00A75B9A /* Resources */ = {
			isa = PBXResourcesBuildPhase;
			buildActionMask = 2147483647;
			files = (
				81AB9BB82411601600AC10FF /* LaunchScreen.storyboard in Resources */,
				13B07FBF1A68108700A75B9A /* Images.xcassets in Resources */,
				5DB1C0A479054D7AA478DC67 /* Inconsolata-Black.ttf in Resources */,
				58409B858D8643F6856C39FF /* Inconsolata-Bold.ttf in Resources */,
				68B7E59DCEE7436AB4979C55 /* Inconsolata-ExtraBold.ttf in Resources */,
				967FF2B75A724430AE1DCA84 /* Inconsolata-ExtraLight.ttf in Resources */,
				9C7BB5E56E224C7FB87F35B5 /* Inconsolata-Light.ttf in Resources */,
				C64AFB2F31BC46BDA11FD86F /* Inconsolata-Medium.ttf in Resources */,
				4300ACCCD9584D988033F0CD /* Inconsolata-Regular.ttf in Resources */,
				B8044FB5437E47AEB1DDD96D /* Inconsolata-SemiBold.ttf in Resources */,
				7DC4F250C60A4241B0BE4001 /* AntDesign.ttf in Resources */,
				5DD6CDD10EAB4CE99FDDB7CF /* Entypo.ttf in Resources */,
				663BE8667DBD47268748B744 /* EvilIcons.ttf in Resources */,
				19EF86795FD142DEB3394473 /* Feather.ttf in Resources */,
				001AF3101B1648C980DE050B /* FontAwesome.ttf in Resources */,
				8F1AFD16D14F4686B366356F /* FontAwesome5_Brands.ttf in Resources */,
				7EA2A444287547B8A22FA685 /* FontAwesome5_Regular.ttf in Resources */,
				7135280E14F747C89BD97B2F /* FontAwesome5_Solid.ttf in Resources */,
				BC7C81331FB54DFE9D146060 /* Fontisto.ttf in Resources */,
				95D812612B334A5A8383B6B1 /* Foundation.ttf in Resources */,
				618F467C538F431DAD8BF19D /* Ionicons.ttf in Resources */,
				4D19DA054AF0425C95779768 /* MaterialCommunityIcons.ttf in Resources */,
				E1FAA949754B4C1FB8C57603 /* MaterialIcons.ttf in Resources */,
				2A3085D3C3B0468C9E975CD1 /* Octicons.ttf in Resources */,
				FB9F7DE954004507BF012FFA /* SimpleLineIcons.ttf in Resources */,
				B1E810E409154C5585881137 /* Zocial.ttf in Resources */,
				95A85BE0DE2F45CA80E938E6 /* GoogleSans-Regular.ttf in Resources */,
				D48B8F3AF81E424C9840DC17 /* Inter.woff2 in Resources */,
				179D14C2B37440308612234F /* EuclidCircularABold.ttf in Resources */,
				61637C557C2A4A308DD08511 /* EuclidCircularABoldItalic.ttf in Resources */,
				1A3B5D9D22D54F4598098060 /* EuclidCircularAItalic.ttf in Resources */,
				7C7451A76ECB4FD8A0FFF274 /* EuclidCircularALight.ttf in Resources */,
				ECD6A95175C444A7AC6D3608 /* EuclidCircularALightItalic.ttf in Resources */,
				DDB68D30F40046E7927DC5F4 /* EuclidCircularAMedium.ttf in Resources */,
				D496CC0C8D924792904733A1 /* EuclidCircularAMediumItalic.ttf in Resources */,
				C5585D3B8C7E47DC99979238 /* EuclidCircularARegular.ttf in Resources */,
				C0574654C26F47D3A307EB73 /* EuclidCircularASemiBold.ttf in Resources */,
				000B875367204C5B8CED2369 /* EuclidCircularASemiBoldItalic.ttf in Resources */,
				E820B280677B4303B73B54AD /* Inter-Black.woff in Resources */,
				800F8F4B5D6C43118411F7CF /* ProductSans-Black.ttf in Resources */,
				B74A8B7074D84D859A4DCDCB /* ProductSans-BlackItalic.ttf in Resources */,
				3A992F7EAF524771AA1D163A /* ProductSans-Bold.ttf in Resources */,
				F2C5577693B64FD3BFB6EA68 /* ProductSans-BoldItalic.ttf in Resources */,
				BD83DF1074084C81B45BFD81 /* ProductSans-Italic.ttf in Resources */,
				D3AB02B31E274833A9624436 /* ProductSans-Light.ttf in Resources */,
				7838CCCB9F0B4460BDADE6A3 /* ProductSans-LightItalic.ttf in Resources */,
				8AD707E88D9F43409819E83B /* ProductSans-Medium.ttf in Resources */,
				4F6D02074CA240759DA40DC2 /* ProductSans-MediumItalic.ttf in Resources */,
				9BB17B4B0E894440B7B8B0FF /* ProductSans-Regular.ttf in Resources */,
				170D26104B624D75B41D2DE6 /* ProductSans-Thin.ttf in Resources */,
				E3BD273EEA234CD99D9B8B32 /* ProductSans-ThinItalic.ttf in Resources */,
			);
			runOnlyForDeploymentPostprocessing = 0;
		};
/* End PBXResourcesBuildPhase section */

/* Begin PBXShellScriptBuildPhase section */
		00DD1BFF1BD5951E006B06BC /* Bundle React Native code and images */ = {
			isa = PBXShellScriptBuildPhase;
			buildActionMask = 2147483647;
			files = (
			);
			inputPaths = (
			);
			name = "Bundle React Native code and images";
			outputPaths = (
			);
			runOnlyForDeploymentPostprocessing = 0;
			shellPath = /bin/sh;
			shellScript = "set -e\n\nexport NODE_BINARY=node\n../node_modules/react-native/scripts/react-native-xcode.sh\n";
		};
		FD10A7F022414F080027D42C /* Start Packager */ = {
			isa = PBXShellScriptBuildPhase;
			buildActionMask = 2147483647;
			files = (
			);
			inputFileListPaths = (
			);
			inputPaths = (
			);
			name = "Start Packager";
			outputFileListPaths = (
			);
			outputPaths = (
			);
			runOnlyForDeploymentPostprocessing = 0;
			shellPath = /bin/sh;
			shellScript = "export RCT_METRO_PORT=\"${RCT_METRO_PORT:=8081}\"\necho \"export RCT_METRO_PORT=${RCT_METRO_PORT}\" > \"${SRCROOT}/../node_modules/react-native/scripts/.packager.env\"\nif [ -z \"${RCT_NO_LAUNCH_PACKAGER+xxx}\" ] ; then\n  if nc -w 5 -z localhost ${RCT_METRO_PORT} ; then\n    if ! curl -s \"http://localhost:${RCT_METRO_PORT}/status\" | grep -q \"packager-status:running\" ; then\n      echo \"Port ${RCT_METRO_PORT} already in use, packager is either not running or not running correctly\"\n      exit 2\n    fi\n  else\n    open \"$SRCROOT/../node_modules/react-native/scripts/launchPackager.command\" || echo \"Can't start packager automatically\"\n  fi\nfi\n";
			showEnvVarsInLog = 0;
		};
/* End PBXShellScriptBuildPhase section */

/* Begin PBXSourcesBuildPhase section */
		00E356EA1AD99517003FC87E /* Sources */ = {
			isa = PBXSourcesBuildPhase;
			buildActionMask = 2147483647;
			files = (
				00E356F31AD99517003FC87E /* susuplusTests.m in Sources */,
			);
			runOnlyForDeploymentPostprocessing = 0;
		};
		13B07F871A680F5B00A75B9A /* Sources */ = {
			isa = PBXSourcesBuildPhase;
			buildActionMask = 2147483647;
			files = (
				13B07FBC1A68108700A75B9A /* AppDelegate.m in Sources */,
				13B07FC11A68108700A75B9A /* main.m in Sources */,
			);
			runOnlyForDeploymentPostprocessing = 0;
		};
/* End PBXSourcesBuildPhase section */

/* Begin PBXTargetDependency section */
		00E356F51AD99517003FC87E /* PBXTargetDependency */ = {
			isa = PBXTargetDependency;
			target = 13B07F861A680F5B00A75B9A /* susuplus */;
			targetProxy = 00E356F41AD99517003FC87E /* PBXContainerItemProxy */;
		};
/* End PBXTargetDependency section */

/* Begin XCBuildConfiguration section */
		00E356F61AD99517003FC87E /* Debug */ = {
			isa = XCBuildConfiguration;
			buildSettings = {
				BUNDLE_LOADER = "$(TEST_HOST)";
				GCC_PREPROCESSOR_DEFINITIONS = (
					"DEBUG=1",
					"$(inherited)",
				);
				INFOPLIST_FILE = susuplusTests/Info.plist;
				IPHONEOS_DEPLOYMENT_TARGET = 11.0;
				LD_RUNPATH_SEARCH_PATHS = (
					"$(inherited)",
					"@executable_path/Frameworks",
					"@loader_path/Frameworks",
				);
				OTHER_LDFLAGS = (
					"-ObjC",
					"-lc++",
					"$(inherited)",
				);
				PRODUCT_BUNDLE_IDENTIFIER = "org.reactjs.native.example.$(PRODUCT_NAME:rfc1034identifier)";
				PRODUCT_NAME = "$(TARGET_NAME)";
				TEST_HOST = "$(BUILT_PRODUCTS_DIR)/susuplus.app/susuplus";
			};
			name = Debug;
		};
		00E356F71AD99517003FC87E /* Release */ = {
			isa = XCBuildConfiguration;
			buildSettings = {
				BUNDLE_LOADER = "$(TEST_HOST)";
				COPY_PHASE_STRIP = NO;
				INFOPLIST_FILE = susuplusTests/Info.plist;
				IPHONEOS_DEPLOYMENT_TARGET = 11.0;
				LD_RUNPATH_SEARCH_PATHS = (
					"$(inherited)",
					"@executable_path/Frameworks",
					"@loader_path/Frameworks",
				);
				OTHER_LDFLAGS = (
					"-ObjC",
					"-lc++",
					"$(inherited)",
				);
				PRODUCT_BUNDLE_IDENTIFIER = "org.reactjs.native.example.$(PRODUCT_NAME:rfc1034identifier)";
				PRODUCT_NAME = "$(TARGET_NAME)";
				TEST_HOST = "$(BUILT_PRODUCTS_DIR)/susuplus.app/susuplus";
			};
			name = Release;
		};
		13B07F941A680F5B00A75B9A /* Debug */ = {
			isa = XCBuildConfiguration;
			buildSettings = {
				ASSETCATALOG_COMPILER_APPICON_NAME = AppIcon;
				CLANG_ENABLE_MODULES = YES;
				CURRENT_PROJECT_VERSION = 1;
				ENABLE_BITCODE = NO;
				INFOPLIST_FILE = susuplus/Info.plist;
				LD_RUNPATH_SEARCH_PATHS = (
					"$(inherited)",
					"@executable_path/Frameworks",
				);
				OTHER_LDFLAGS = (
					"$(inherited)",
					"-ObjC",
					"-lc++",
				);
				PRODUCT_BUNDLE_IDENTIFIER = "org.reactjs.native.example.$(PRODUCT_NAME:rfc1034identifier)";
				PRODUCT_NAME = susuplus;
				SWIFT_OPTIMIZATION_LEVEL = "-Onone";
				SWIFT_VERSION = 5.0;
				VERSIONING_SYSTEM = "apple-generic";
			};
			name = Debug;
		};
		13B07F951A680F5B00A75B9A /* Release */ = {
			isa = XCBuildConfiguration;
			buildSettings = {
				ASSETCATALOG_COMPILER_APPICON_NAME = AppIcon;
				CLANG_ENABLE_MODULES = YES;
				CURRENT_PROJECT_VERSION = 1;
				INFOPLIST_FILE = susuplus/Info.plist;
				LD_RUNPATH_SEARCH_PATHS = (
					"$(inherited)",
					"@executable_path/Frameworks",
				);
				OTHER_LDFLAGS = (
					"$(inherited)",
					"-ObjC",
					"-lc++",
				);
				PRODUCT_BUNDLE_IDENTIFIER = "org.reactjs.native.example.$(PRODUCT_NAME:rfc1034identifier)";
				PRODUCT_NAME = susuplus;
				SWIFT_VERSION = 5.0;
				VERSIONING_SYSTEM = "apple-generic";
			};
			name = Release;
		};
		83CBBA201A601CBA00E9B192 /* Debug */ = {
			isa = XCBuildConfiguration;
			buildSettings = {
				ALWAYS_SEARCH_USER_PATHS = NO;
				CLANG_ANALYZER_LOCALIZABILITY_NONLOCALIZED = YES;
				CLANG_CXX_LANGUAGE_STANDARD = "gnu++0x";
				CLANG_CXX_LIBRARY = "libc++";
				CLANG_ENABLE_MODULES = YES;
				CLANG_ENABLE_OBJC_ARC = YES;
				CLANG_WARN_BLOCK_CAPTURE_AUTORELEASING = YES;
				CLANG_WARN_BOOL_CONVERSION = YES;
				CLANG_WARN_COMMA = YES;
				CLANG_WARN_CONSTANT_CONVERSION = YES;
				CLANG_WARN_DEPRECATED_OBJC_IMPLEMENTATIONS = YES;
				CLANG_WARN_DIRECT_OBJC_ISA_USAGE = YES_ERROR;
				CLANG_WARN_EMPTY_BODY = YES;
				CLANG_WARN_ENUM_CONVERSION = YES;
				CLANG_WARN_INFINITE_RECURSION = YES;
				CLANG_WARN_INT_CONVERSION = YES;
				CLANG_WARN_NON_LITERAL_NULL_CONVERSION = YES;
				CLANG_WARN_OBJC_IMPLICIT_RETAIN_SELF = YES;
				CLANG_WARN_OBJC_LITERAL_CONVERSION = YES;
				CLANG_WARN_OBJC_ROOT_CLASS = YES_ERROR;
				CLANG_WARN_QUOTED_INCLUDE_IN_FRAMEWORK_HEADER = YES;
				CLANG_WARN_RANGE_LOOP_ANALYSIS = YES;
				CLANG_WARN_STRICT_PROTOTYPES = YES;
				CLANG_WARN_SUSPICIOUS_MOVE = YES;
				CLANG_WARN_UNREACHABLE_CODE = YES;
				CLANG_WARN__DUPLICATE_METHOD_MATCH = YES;
				"CODE_SIGN_IDENTITY[sdk=iphoneos*]" = "iPhone Developer";
				COPY_PHASE_STRIP = NO;
				ENABLE_STRICT_OBJC_MSGSEND = YES;
				ENABLE_TESTABILITY = YES;
				GCC_C_LANGUAGE_STANDARD = gnu99;
				GCC_DYNAMIC_NO_PIC = NO;
				GCC_NO_COMMON_BLOCKS = YES;
				GCC_OPTIMIZATION_LEVEL = 0;
				GCC_PREPROCESSOR_DEFINITIONS = (
					"DEBUG=1",
					"$(inherited)",
				);
				GCC_SYMBOLS_PRIVATE_EXTERN = NO;
				GCC_WARN_64_TO_32_BIT_CONVERSION = YES;
				GCC_WARN_ABOUT_RETURN_TYPE = YES_ERROR;
				GCC_WARN_UNDECLARED_SELECTOR = YES;
				GCC_WARN_UNINITIALIZED_AUTOS = YES_AGGRESSIVE;
				GCC_WARN_UNUSED_FUNCTION = YES;
				GCC_WARN_UNUSED_VARIABLE = YES;
				IPHONEOS_DEPLOYMENT_TARGET = 11.0;
				LD_RUNPATH_SEARCH_PATHS = (
					/usr/lib/swift,
					"$(inherited)",
				);
				LIBRARY_SEARCH_PATHS = (
					"\"$(SDKROOT)/usr/lib/swift\"",
					"\"$(TOOLCHAIN_DIR)/usr/lib/swift/$(PLATFORM_NAME)\"",
					"\"$(TOOLCHAIN_DIR)/usr/lib/swift-5.0/$(PLATFORM_NAME)\"",
					"\"$(inherited)\"",
				);
				MTL_ENABLE_DEBUG_INFO = YES;
				ONLY_ACTIVE_ARCH = YES;
				SDKROOT = iphoneos;
			};
			name = Debug;
		};
		83CBBA211A601CBA00E9B192 /* Release */ = {
			isa = XCBuildConfiguration;
			buildSettings = {
				ALWAYS_SEARCH_USER_PATHS = NO;
				CLANG_ANALYZER_LOCALIZABILITY_NONLOCALIZED = YES;
				CLANG_CXX_LANGUAGE_STANDARD = "gnu++0x";
				CLANG_CXX_LIBRARY = "libc++";
				CLANG_ENABLE_MODULES = YES;
				CLANG_ENABLE_OBJC_ARC = YES;
				CLANG_WARN_BLOCK_CAPTURE_AUTORELEASING = YES;
				CLANG_WARN_BOOL_CONVERSION = YES;
				CLANG_WARN_COMMA = YES;
				CLANG_WARN_CONSTANT_CONVERSION = YES;
				CLANG_WARN_DEPRECATED_OBJC_IMPLEMENTATIONS = YES;
				CLANG_WARN_DIRECT_OBJC_ISA_USAGE = YES_ERROR;
				CLANG_WARN_EMPTY_BODY = YES;
				CLANG_WARN_ENUM_CONVERSION = YES;
				CLANG_WARN_INFINITE_RECURSION = YES;
				CLANG_WARN_INT_CONVERSION = YES;
				CLANG_WARN_NON_LITERAL_NULL_CONVERSION = YES;
				CLANG_WARN_OBJC_IMPLICIT_RETAIN_SELF = YES;
				CLANG_WARN_OBJC_LITERAL_CONVERSION = YES;
				CLANG_WARN_OBJC_ROOT_CLASS = YES_ERROR;
				CLANG_WARN_QUOTED_INCLUDE_IN_FRAMEWORK_HEADER = YES;
				CLANG_WARN_RANGE_LOOP_ANALYSIS = YES;
				CLANG_WARN_STRICT_PROTOTYPES = YES;
				CLANG_WARN_SUSPICIOUS_MOVE = YES;
				CLANG_WARN_UNREACHABLE_CODE = YES;
				CLANG_WARN__DUPLICATE_METHOD_MATCH = YES;
				"CODE_SIGN_IDENTITY[sdk=iphoneos*]" = "iPhone Developer";
				COPY_PHASE_STRIP = YES;
				ENABLE_NS_ASSERTIONS = NO;
				ENABLE_STRICT_OBJC_MSGSEND = YES;
				GCC_C_LANGUAGE_STANDARD = gnu99;
				GCC_NO_COMMON_BLOCKS = YES;
				GCC_WARN_64_TO_32_BIT_CONVERSION = YES;
				GCC_WARN_ABOUT_RETURN_TYPE = YES_ERROR;
				GCC_WARN_UNDECLARED_SELECTOR = YES;
				GCC_WARN_UNINITIALIZED_AUTOS = YES_AGGRESSIVE;
				GCC_WARN_UNUSED_FUNCTION = YES;
				GCC_WARN_UNUSED_VARIABLE = YES;
				IPHONEOS_DEPLOYMENT_TARGET = 11.0;
				LD_RUNPATH_SEARCH_PATHS = (
					/usr/lib/swift,
					"$(inherited)",
				);
				LIBRARY_SEARCH_PATHS = (
					"\"$(SDKROOT)/usr/lib/swift\"",
					"\"$(TOOLCHAIN_DIR)/usr/lib/swift/$(PLATFORM_NAME)\"",
					"\"$(TOOLCHAIN_DIR)/usr/lib/swift-5.0/$(PLATFORM_NAME)\"",
					"\"$(inherited)\"",
				);
				MTL_ENABLE_DEBUG_INFO = NO;
				SDKROOT = iphoneos;
				VALIDATE_PRODUCT = YES;
			};
			name = Release;
		};
/* End XCBuildConfiguration section */

/* Begin XCConfigurationList section */
		00E357021AD99517003FC87E /* Build configuration list for PBXNativeTarget "susuplusTests" */ = {
			isa = XCConfigurationList;
			buildConfigurations = (
				00E356F61AD99517003FC87E /* Debug */,
				00E356F71AD99517003FC87E /* Release */,
			);
			defaultConfigurationIsVisible = 0;
			defaultConfigurationName = Release;
		};
		13B07F931A680F5B00A75B9A /* Build configuration list for PBXNativeTarget "susuplus" */ = {
			isa = XCConfigurationList;
			buildConfigurations = (
				13B07F941A680F5B00A75B9A /* Debug */,
				13B07F951A680F5B00A75B9A /* Release */,
			);
			defaultConfigurationIsVisible = 0;
			defaultConfigurationName = Release;
		};
		83CBB9FA1A601CBA00E9B192 /* Build configuration list for PBXProject "susuplus" */ = {
			isa = XCConfigurationList;
			buildConfigurations = (
				83CBBA201A601CBA00E9B192 /* Debug */,
				83CBBA211A601CBA00E9B192 /* Release */,
			);
			defaultConfigurationIsVisible = 0;
			defaultConfigurationName = Release;
		};
/* End XCConfigurationList section */
	};
	rootObject = 83CBB9F71A601CBA00E9B192 /* Project object */;
}
